
Microsoft Visual Studio Solution File, Format Version 12.00
# Visual Studio 15
VisualStudioVersion = 15.0.26124.0
MinimumVisualStudioVersion = 15.0.26124.0
Project("{2150E333-8FDC-42A3-9474-1A3956D46DE8}") = "src", "src", "{803246BE-6D2A-46FC-8C35-53B8AB59152F}"
EndProject
Project("{FAE04EC0-301F-11D3-BF4B-00C04F79EFBC}") = "API", "src\API\API.csproj", "{7E5150BB-575B-473F-AAFD-8AB18AE00FCA}"
EndProject
Project("{FAE04EC0-301F-11D3-BF4B-00C04F79EFBC}") = "Application", "src\Application\Application.csproj", "{378BE680-D87E-4081-9841-CED597C819B5}"
EndProject
Project("{FAE04EC0-301F-11D3-BF4B-00C04F79EFBC}") = "Domain", "src\Domain\Domain.csproj", "{A4DD0B29-C81C-464B-ACCA-6479B1D74FEF}"
EndProject
Project("{FAE04EC0-301F-11D3-BF4B-00C04F79EFBC}") = "Infrastructure", "src\Infrastructure\Infrastructure.csproj", "{233AFDDF-A6C4-4137-97AA-5E98E56E39B9}"
EndProject
Project("{2150E333-8FDC-42A3-9474-1A3956D46DE8}") = "tests", "tests", "{68A0419B-CCF1-47CD-8515-54117F86A53B}"
EndProject
Project("{FAE04EC0-301F-11D3-BF4B-00C04F79EFBC}") = "IntegrationTests", "tests\IntegrationTests\IntegrationTests.csproj", "{693E5502-A79E-4C63-AE55-1027C613AD34}"
EndProject
Global
	GlobalSection(SolutionConfigurationPlatforms) = preSolution
		Debug|Any CPU = Debug|Any CPU
		Debug|x64 = Debug|x64
		Debug|x86 = Debug|x86
		Release|Any CPU = Release|Any CPU
		Release|x64 = Release|x64
		Release|x86 = Release|x86
	EndGlobalSection
	GlobalSection(SolutionProperties) = preSolution
		HideSolutionNode = FALSE
	EndGlobalSection
	GlobalSection(ProjectConfigurationPlatforms) = postSolution
		{7E5150BB-575B-473F-AAFD-8AB18AE00FCA}.Debug|Any CPU.ActiveCfg = Debug|Any CPU
		{7E5150BB-575B-473F-AAFD-8AB18AE00FCA}.Debug|Any CPU.Build.0 = Debug|Any CPU
		{7E5150BB-575B-473F-AAFD-8AB18AE00FCA}.Debug|x64.ActiveCfg = Debug|Any CPU
		{7E5150BB-575B-473F-AAFD-8AB18AE00FCA}.Debug|x64.Build.0 = Debug|Any CPU
		{7E5150BB-575B-473F-AAFD-8AB18AE00FCA}.Debug|x86.ActiveCfg = Debug|Any CPU
		{7E5150BB-575B-473F-AAFD-8AB18AE00FCA}.Debug|x86.Build.0 = Debug|Any CPU
		{7E5150BB-575B-473F-AAFD-8AB18AE00FCA}.Release|Any CPU.ActiveCfg = Release|Any CPU
		{7E5150BB-575B-473F-AAFD-8AB18AE00FCA}.Release|Any CPU.Build.0 = Release|Any CPU
		{7E5150BB-575B-473F-AAFD-8AB18AE00FCA}.Release|x64.ActiveCfg = Release|Any CPU
		{7E5150BB-575B-473F-AAFD-8AB18AE00FCA}.Release|x64.Build.0 = Release|Any CPU
		{7E5150BB-575B-473F-AAFD-8AB18AE00FCA}.Release|x86.ActiveCfg = Release|Any CPU
		{7E5150BB-575B-473F-AAFD-8AB18AE00FCA}.Release|x86.Build.0 = Release|Any CPU
		{378BE680-D87E-4081-9841-CED597C819B5}.Debug|Any CPU.ActiveCfg = Debug|Any CPU
		{378BE680-D87E-4081-9841-CED597C819B5}.Debug|Any CPU.Build.0 = Debug|Any CPU
		{378BE680-D87E-4081-9841-CED597C819B5}.Debug|x64.ActiveCfg = Debug|Any CPU
		{378BE680-D87E-4081-9841-CED597C819B5}.Debug|x64.Build.0 = Debug|Any CPU
		{378BE680-D87E-4081-9841-CED597C819B5}.Debug|x86.ActiveCfg = Debug|Any CPU
		{378BE680-D87E-4081-9841-CED597C819B5}.Debug|x86.Build.0 = Debug|Any CPU
		{378BE680-D87E-4081-9841-CED597C819B5}.Release|Any CPU.ActiveCfg = Release|Any CPU
		{378BE680-D87E-4081-9841-CED597C819B5}.Release|Any CPU.Build.0 = Release|Any CPU
		{378BE680-D87E-4081-9841-CED597C819B5}.Release|x64.ActiveCfg = Release|Any CPU
		{378BE680-D87E-4081-9841-CED597C819B5}.Release|x64.Build.0 = Release|Any CPU
		{378BE680-D87E-4081-9841-CED597C819B5}.Release|x86.ActiveCfg = Release|Any CPU
		{378BE680-D87E-4081-9841-CED597C819B5}.Release|x86.Build.0 = Release|Any CPU
		{A4DD0B29-C81C-464B-ACCA-6479B1D74FEF}.Debug|Any CPU.ActiveCfg = Debug|Any CPU
		{A4DD0B29-C81C-464B-ACCA-6479B1D74FEF}.Debug|Any CPU.Build.0 = Debug|Any CPU
		{A4DD0B29-C81C-464B-ACCA-6479B1D74FEF}.Debug|x64.ActiveCfg = Debug|Any CPU
		{A4DD0B29-C81C-464B-ACCA-6479B1D74FEF}.Debug|x64.Build.0 = Debug|Any CPU
		{A4DD0B29-C81C-464B-ACCA-6479B1D74FEF}.Debug|x86.ActiveCfg = Debug|Any CPU
		{A4DD0B29-C81C-464B-ACCA-6479B1D74FEF}.Debug|x86.Build.0 = Debug|Any CPU
		{A4DD0B29-C81C-464B-ACCA-6479B1D74FEF}.Release|Any CPU.ActiveCfg = Release|Any CPU
		{A4DD0B29-C81C-464B-ACCA-6479B1D74FEF}.Release|Any CPU.Build.0 = Release|Any CPU
		{A4DD0B29-C81C-464B-ACCA-6479B1D74FEF}.Release|x64.ActiveCfg = Release|Any CPU
		{A4DD0B29-C81C-464B-ACCA-6479B1D74FEF}.Release|x64.Build.0 = Release|Any CPU
		{A4DD0B29-C81C-464B-ACCA-6479B1D74FEF}.Release|x86.ActiveCfg = Release|Any CPU
		{A4DD0B29-C81C-464B-ACCA-6479B1D74FEF}.Release|x86.Build.0 = Release|Any CPU
		{233AFDDF-A6C4-4137-97AA-5E98E56E39B9}.Debug|Any CPU.ActiveCfg = Debug|Any CPU
		{233AFDDF-A6C4-4137-97AA-5E98E56E39B9}.Debug|Any CPU.Build.0 = Debug|Any CPU
		{233AFDDF-A6C4-4137-97AA-5E98E56E39B9}.Debug|x64.ActiveCfg = Debug|Any CPU
		{233AFDDF-A6C4-4137-97AA-5E98E56E39B9}.Debug|x64.Build.0 = Debug|Any CPU
		{233AFDDF-A6C4-4137-97AA-5E98E56E39B9}.Debug|x86.ActiveCfg = Debug|Any CPU
		{233AFDDF-A6C4-4137-97AA-5E98E56E39B9}.Debug|x86.Build.0 = Debug|Any CPU
		{233AFDDF-A6C4-4137-97AA-5E98E56E39B9}.Release|Any CPU.ActiveCfg = Release|Any CPU
		{233AFDDF-A6C4-4137-97AA-5E98E56E39B9}.Release|Any CPU.Build.0 = Release|Any CPU
		{233AFDDF-A6C4-4137-97AA-5E98E56E39B9}.Release|x64.ActiveCfg = Release|Any CPU
		{233AFDDF-A6C4-4137-97AA-5E98E56E39B9}.Release|x64.Build.0 = Release|Any CPU
		{233AFDDF-A6C4-4137-97AA-5E98E56E39B9}.Release|x86.ActiveCfg = Release|Any CPU
		{233AFDDF-A6C4-4137-97AA-5E98E56E39B9}.Release|x86.Build.0 = Release|Any CPU
		{693E5502-A79E-4C63-AE55-1027C613AD34}.Debug|Any CPU.ActiveCfg = Debug|Any CPU
		{693E5502-A79E-4C63-AE55-1027C613AD34}.Debug|Any CPU.Build.0 = Debug|Any CPU
		{693E5502-A79E-4C63-AE55-1027C613AD34}.Debug|x64.ActiveCfg = Debug|Any CPU
		{693E5502-A79E-4C63-AE55-1027C613AD34}.Debug|x64.Build.0 = Debug|Any CPU
		{693E5502-A79E-4C63-AE55-1027C613AD34}.Debug|x86.ActiveCfg = Debug|Any CPU
		{693E5502-A79E-4C63-AE55-1027C613AD34}.Debug|x86.Build.0 = Debug|Any CPU
		{693E5502-A79E-4C63-AE55-1027C613AD34}.Release|Any CPU.ActiveCfg = Release|Any CPU
		{693E5502-A79E-4C63-AE55-1027C613AD34}.Release|Any CPU.Build.0 = Release|Any CPU
		{693E5502-A79E-4C63-AE55-1027C613AD34}.Release|x64.ActiveCfg = Release|Any CPU
		{693E5502-A79E-4C63-AE55-1027C613AD34}.Release|x64.Build.0 = Release|Any CPU
		{693E5502-A79E-4C63-AE55-1027C613AD34}.Release|x86.ActiveCfg = Release|Any CPU
		{693E5502-A79E-4C63-AE55-1027C613AD34}.Release|x86.Build.0 = Release|Any CPU
	EndGlobalSection
	GlobalSection(NestedProjects) = preSolution
		{7E5150BB-575B-473F-AAFD-8AB18AE00FCA} = {803246BE-6D2A-46FC-8C35-53B8AB59152F}
		{378BE680-D87E-4081-9841-CED597C819B5} = {803246BE-6D2A-46FC-8C35-53B8AB59152F}
		{A4DD0B29-C81C-464B-ACCA-6479B1D74FEF} = {803246BE-6D2A-46FC-8C35-53B8AB59152F}
		{233AFDDF-A6C4-4137-97AA-5E98E56E39B9} = {803246BE-6D2A-46FC-8C35-53B8AB59152F}
		{693E5502-A79E-4C63-AE55-1027C613AD34} = {68A0419B-CCF1-47CD-8515-54117F86A53B}
	EndGlobalSection
EndGlobal
